// !$*UTF8*$!
{
	archiveVersion = 1;
	classes = {
	};
	objectVersion = 50;
	objects = {

/* Begin PBXBuildFile section */
		2C21F95B24DC7EEC0002A52D /* KeywordDB.swift in Sources */ = {isa = PBXBuildFile; fileRef = 2C21F95A24DC7EEC0002A52D /* KeywordDB.swift */; };
		2C21F95D24DD00C90002A52D /* ToolbarItemIcon.png in Resources */ = {isa = PBXBuildFile; fileRef = 2C21F95C24DD00C90002A52D /* ToolbarItemIcon.png */; };
		2C2B279924DC73F100AA7B2D /* KeywordEntry.swift in Sources */ = {isa = PBXBuildFile; fileRef = 2C2B279824DC73F100AA7B2D /* KeywordEntry.swift */; };
		2CDF21E024DC579900E12C23 /* keysearch.entitlements in Resources */ = {isa = PBXBuildFile; fileRef = 2CDF21DF24DC579900E12C23 /* keysearch.entitlements */; };
		2CDF21E224DC579900E12C23 /* AppDelegate.swift in Sources */ = {isa = PBXBuildFile; fileRef = 2CDF21E124DC579900E12C23 /* AppDelegate.swift */; };
		2CDF21E524DC579900E12C23 /* Main.storyboard in Resources */ = {isa = PBXBuildFile; fileRef = 2CDF21E324DC579900E12C23 /* Main.storyboard */; };
		2CDF21E724DC579900E12C23 /* ViewController.swift in Sources */ = {isa = PBXBuildFile; fileRef = 2CDF21E624DC579900E12C23 /* ViewController.swift */; };
		2CDF21E924DC579A00E12C23 /* Assets.xcassets in Resources */ = {isa = PBXBuildFile; fileRef = 2CDF21E824DC579A00E12C23 /* Assets.xcassets */; };
		2CDF21F024DC579A00E12C23 /* Search Key Extension.appex in Embed App Extensions */ = {isa = PBXBuildFile; fileRef = 2CDF21EF24DC579A00E12C23 /* Search Key Extension.appex */; settings = {ATTRIBUTES = (RemoveHeadersOnCopy, ); }; };
		2CDF21F524DC579A00E12C23 /* Cocoa.framework in Frameworks */ = {isa = PBXBuildFile; fileRef = 2CDF21F424DC579A00E12C23 /* Cocoa.framework */; };
		2CDF21F824DC579A00E12C23 /* SafariExtensionHandler.swift in Sources */ = {isa = PBXBuildFile; fileRef = 2CDF21F724DC579A00E12C23 /* SafariExtensionHandler.swift */; };
		2CDF21FA24DC579A00E12C23 /* SafariExtensionViewController.swift in Sources */ = {isa = PBXBuildFile; fileRef = 2CDF21F924DC579A00E12C23 /* SafariExtensionViewController.swift */; };
		2CDF21FD24DC579A00E12C23 /* SafariExtensionViewController.xib in Resources */ = {isa = PBXBuildFile; fileRef = 2CDF21FB24DC579A00E12C23 /* SafariExtensionViewController.xib */; };
/* End PBXBuildFile section */

/* Begin PBXContainerItemProxy section */
		2CDF21F124DC579A00E12C23 /* PBXContainerItemProxy */ = {
			isa = PBXContainerItemProxy;
			containerPortal = 2CDF21D424DC579900E12C23 /* Project object */;
			proxyType = 1;
			remoteGlobalIDString = 2CDF21EE24DC579A00E12C23;
			remoteInfo = "keyword-search Extension";
		};
/* End PBXContainerItemProxy section */

/* Begin PBXCopyFilesBuildPhase section */
		2CDF220924DC579A00E12C23 /* Embed App Extensions */ = {
			isa = PBXCopyFilesBuildPhase;
			buildActionMask = 2147483647;
			dstPath = "";
			dstSubfolderSpec = 13;
			files = (
				2CDF21F024DC579A00E12C23 /* Search Key Extension.appex in Embed App Extensions */,
			);
			name = "Embed App Extensions";
			runOnlyForDeploymentPostprocessing = 0;
		};
/* End PBXCopyFilesBuildPhase section */

/* Begin PBXFileReference section */
		2C21F95A24DC7EEC0002A52D /* KeywordDB.swift */ = {isa = PBXFileReference; lastKnownFileType = sourcecode.swift; path = KeywordDB.swift; sourceTree = "<group>"; };
		2C21F95C24DD00C90002A52D /* ToolbarItemIcon.png */ = {isa = PBXFileReference; lastKnownFileType = image.png; path = ToolbarItemIcon.png; sourceTree = "<group>"; };
		2C2B279824DC73F100AA7B2D /* KeywordEntry.swift */ = {isa = PBXFileReference; lastKnownFileType = sourcecode.swift; path = KeywordEntry.swift; sourceTree = "<group>"; };
		2CDF21DC24DC579900E12C23 /* Search Key.app */ = {isa = PBXFileReference; explicitFileType = wrapper.application; includeInIndex = 0; path = "Search Key.app"; sourceTree = BUILT_PRODUCTS_DIR; };
		2CDF21DF24DC579900E12C23 /* keysearch.entitlements */ = {isa = PBXFileReference; lastKnownFileType = text.plist.entitlements; path = keysearch.entitlements; sourceTree = "<group>"; };
		2CDF21E124DC579900E12C23 /* AppDelegate.swift */ = {isa = PBXFileReference; lastKnownFileType = sourcecode.swift; path = AppDelegate.swift; sourceTree = "<group>"; };
		2CDF21E424DC579900E12C23 /* Base */ = {isa = PBXFileReference; lastKnownFileType = file.storyboard; name = Base; path = Base.lproj/Main.storyboard; sourceTree = "<group>"; };
		2CDF21E624DC579900E12C23 /* ViewController.swift */ = {isa = PBXFileReference; lastKnownFileType = sourcecode.swift; path = ViewController.swift; sourceTree = "<group>"; };
		2CDF21E824DC579A00E12C23 /* Assets.xcassets */ = {isa = PBXFileReference; lastKnownFileType = folder.assetcatalog; path = Assets.xcassets; sourceTree = "<group>"; };
		2CDF21EA24DC579A00E12C23 /* Info.plist */ = {isa = PBXFileReference; lastKnownFileType = text.plist.xml; path = Info.plist; sourceTree = "<group>"; };
		2CDF21EF24DC579A00E12C23 /* Search Key Extension.appex */ = {isa = PBXFileReference; explicitFileType = "wrapper.app-extension"; includeInIndex = 0; path = "Search Key Extension.appex"; sourceTree = BUILT_PRODUCTS_DIR; };
		2CDF21F424DC579A00E12C23 /* Cocoa.framework */ = {isa = PBXFileReference; lastKnownFileType = wrapper.framework; name = Cocoa.framework; path = System/Library/Frameworks/Cocoa.framework; sourceTree = SDKROOT; };
		2CDF21F724DC579A00E12C23 /* SafariExtensionHandler.swift */ = {isa = PBXFileReference; lastKnownFileType = sourcecode.swift; path = SafariExtensionHandler.swift; sourceTree = "<group>"; };
		2CDF21F924DC579A00E12C23 /* SafariExtensionViewController.swift */ = {isa = PBXFileReference; lastKnownFileType = sourcecode.swift; path = SafariExtensionViewController.swift; sourceTree = "<group>"; };
		2CDF21FC24DC579A00E12C23 /* Base */ = {isa = PBXFileReference; lastKnownFileType = file.xib; name = Base; path = Base.lproj/SafariExtensionViewController.xib; sourceTree = "<group>"; };
		2CDF21FE24DC579A00E12C23 /* Info.plist */ = {isa = PBXFileReference; lastKnownFileType = text.plist.xml; path = Info.plist; sourceTree = "<group>"; };
		2CDF220324DC579A00E12C23 /* keysearch-extension.entitlements */ = {isa = PBXFileReference; lastKnownFileType = text.plist.entitlements; path = "keysearch-extension.entitlements"; sourceTree = "<group>"; };
/* End PBXFileReference section */

/* Begin PBXFrameworksBuildPhase section */
		2CDF21D924DC579900E12C23 /* Frameworks */ = {
			isa = PBXFrameworksBuildPhase;
			buildActionMask = 2147483647;
			files = (
			);
			runOnlyForDeploymentPostprocessing = 0;
		};
		2CDF21EC24DC579A00E12C23 /* Frameworks */ = {
			isa = PBXFrameworksBuildPhase;
			buildActionMask = 2147483647;
			files = (
				2CDF21F524DC579A00E12C23 /* Cocoa.framework in Frameworks */,
			);
			runOnlyForDeploymentPostprocessing = 0;
		};
/* End PBXFrameworksBuildPhase section */

/* Begin PBXGroup section */
		2CDF21D324DC579900E12C23 = {
			isa = PBXGroup;
			children = (
				2CDF21DE24DC579900E12C23 /* keysearch */,
				2CDF21F624DC579A00E12C23 /* keysearch-extension */,
				2CDF21F324DC579A00E12C23 /* Frameworks */,
				2CDF21DD24DC579900E12C23 /* Products */,
			);
			sourceTree = "<group>";
		};
		2CDF21DD24DC579900E12C23 /* Products */ = {
			isa = PBXGroup;
			children = (
				2CDF21DC24DC579900E12C23 /* Search Key.app */,
				2CDF21EF24DC579A00E12C23 /* Search Key Extension.appex */,
			);
			name = Products;
			sourceTree = "<group>";
		};
		2CDF21DE24DC579900E12C23 /* keysearch */ = {
			isa = PBXGroup;
			children = (
				2CDF21DF24DC579900E12C23 /* keysearch.entitlements */,
				2CDF21E124DC579900E12C23 /* AppDelegate.swift */,
				2CDF21E324DC579900E12C23 /* Main.storyboard */,
				2CDF21E624DC579900E12C23 /* ViewController.swift */,
				2CDF21E824DC579A00E12C23 /* Assets.xcassets */,
				2CDF21EA24DC579A00E12C23 /* Info.plist */,
			);
			path = keysearch;
			sourceTree = "<group>";
		};
		2CDF21F324DC579A00E12C23 /* Frameworks */ = {
			isa = PBXGroup;
			children = (
				2CDF21F424DC579A00E12C23 /* Cocoa.framework */,
			);
			name = Frameworks;
			sourceTree = "<group>";
		};
		2CDF21F624DC579A00E12C23 /* keysearch-extension */ = {
			isa = PBXGroup;
			children = (
				2C21F95C24DD00C90002A52D /* ToolbarItemIcon.png */,
				2CDF21F724DC579A00E12C23 /* SafariExtensionHandler.swift */,
				2CDF21F924DC579A00E12C23 /* SafariExtensionViewController.swift */,
				2CDF21FB24DC579A00E12C23 /* SafariExtensionViewController.xib */,
				2C2B279824DC73F100AA7B2D /* KeywordEntry.swift */,
				2C21F95A24DC7EEC0002A52D /* KeywordDB.swift */,
				2CDF21FE24DC579A00E12C23 /* Info.plist */,
				2CDF220324DC579A00E12C23 /* keysearch-extension.entitlements */,
			);
			path = "keysearch-extension";
			sourceTree = "<group>";
		};
/* End PBXGroup section */

/* Begin PBXNativeTarget section */
		2CDF21DB24DC579900E12C23 /* Search Key */ = {
			isa = PBXNativeTarget;
			buildConfigurationList = 2CDF220A24DC579A00E12C23 /* Build configuration list for PBXNativeTarget "Search Key" */;
			buildPhases = (
				2CDF21D824DC579900E12C23 /* Sources */,
				2CDF21D924DC579900E12C23 /* Frameworks */,
				2CDF21DA24DC579900E12C23 /* Resources */,
				2CDF220924DC579A00E12C23 /* Embed App Extensions */,
			);
			buildRules = (
			);
			dependencies = (
				2CDF21F224DC579A00E12C23 /* PBXTargetDependency */,
			);
			name = "Search Key";
			productName = "keyword-search";
			productReference = 2CDF21DC24DC579900E12C23 /* Search Key.app */;
			productType = "com.apple.product-type.application";
		};
		2CDF21EE24DC579A00E12C23 /* Search Key Extension */ = {
			isa = PBXNativeTarget;
			buildConfigurationList = 2CDF220624DC579A00E12C23 /* Build configuration list for PBXNativeTarget "Search Key Extension" */;
			buildPhases = (
				2CDF21EB24DC579A00E12C23 /* Sources */,
				2CDF21EC24DC579A00E12C23 /* Frameworks */,
				2CDF21ED24DC579A00E12C23 /* Resources */,
			);
			buildRules = (
			);
			dependencies = (
			);
			name = "Search Key Extension";
			productName = "keyword-search Extension";
			productReference = 2CDF21EF24DC579A00E12C23 /* Search Key Extension.appex */;
			productType = "com.apple.product-type.app-extension";
		};
/* End PBXNativeTarget section */

/* Begin PBXProject section */
		2CDF21D424DC579900E12C23 /* Project object */ = {
			isa = PBXProject;
			attributes = {
				LastSwiftUpdateCheck = 1160;
				LastUpgradeCheck = 1160;
				ORGANIZATIONNAME = "Eddie Cameron";
				TargetAttributes = {
					2CDF21DB24DC579900E12C23 = {
						CreatedOnToolsVersion = 11.6;
					};
					2CDF21EE24DC579A00E12C23 = {
						CreatedOnToolsVersion = 11.6;
					};
				};
			};
			buildConfigurationList = 2CDF21D724DC579900E12C23 /* Build configuration list for PBXProject "keysearch" */;
			compatibilityVersion = "Xcode 9.3";
			developmentRegion = en;
			hasScannedForEncodings = 0;
			knownRegions = (
				en,
				Base,
			);
			mainGroup = 2CDF21D324DC579900E12C23;
			productRefGroup = 2CDF21DD24DC579900E12C23 /* Products */;
			projectDirPath = "";
			projectRoot = "";
			targets = (
				2CDF21DB24DC579900E12C23 /* Search Key */,
				2CDF21EE24DC579A00E12C23 /* Search Key Extension */,
			);
		};
/* End PBXProject section */

/* Begin PBXResourcesBuildPhase section */
		2CDF21DA24DC579900E12C23 /* Resources */ = {
			isa = PBXResourcesBuildPhase;
			buildActionMask = 2147483647;
			files = (
				2CDF21E024DC579900E12C23 /* keysearch.entitlements in Resources */,
				2CDF21E924DC579A00E12C23 /* Assets.xcassets in Resources */,
				2CDF21E524DC579900E12C23 /* Main.storyboard in Resources */,
			);
			runOnlyForDeploymentPostprocessing = 0;
		};
		2CDF21ED24DC579A00E12C23 /* Resources */ = {
			isa = PBXResourcesBuildPhase;
			buildActionMask = 2147483647;
			files = (
				2C21F95D24DD00C90002A52D /* ToolbarItemIcon.png in Resources */,
				2CDF21FD24DC579A00E12C23 /* SafariExtensionViewController.xib in Resources */,
			);
			runOnlyForDeploymentPostprocessing = 0;
		};
/* End PBXResourcesBuildPhase section */

/* Begin PBXSourcesBuildPhase section */
		2CDF21D824DC579900E12C23 /* Sources */ = {
			isa = PBXSourcesBuildPhase;
			buildActionMask = 2147483647;
			files = (
				2CDF21E724DC579900E12C23 /* ViewController.swift in Sources */,
				2CDF21E224DC579900E12C23 /* AppDelegate.swift in Sources */,
			);
			runOnlyForDeploymentPostprocessing = 0;
		};
		2CDF21EB24DC579A00E12C23 /* Sources */ = {
			isa = PBXSourcesBuildPhase;
			buildActionMask = 2147483647;
			files = (
				2CDF21FA24DC579A00E12C23 /* SafariExtensionViewController.swift in Sources */,
				2C21F95B24DC7EEC0002A52D /* KeywordDB.swift in Sources */,
				2CDF21F824DC579A00E12C23 /* SafariExtensionHandler.swift in Sources */,
				2C2B279924DC73F100AA7B2D /* KeywordEntry.swift in Sources */,
			);
			runOnlyForDeploymentPostprocessing = 0;
		};
/* End PBXSourcesBuildPhase section */

/* Begin PBXTargetDependency section */
		2CDF21F224DC579A00E12C23 /* PBXTargetDependency */ = {
			isa = PBXTargetDependency;
			target = 2CDF21EE24DC579A00E12C23 /* Search Key Extension */;
			targetProxy = 2CDF21F124DC579A00E12C23 /* PBXContainerItemProxy */;
		};
/* End PBXTargetDependency section */

/* Begin PBXVariantGroup section */
		2CDF21E324DC579900E12C23 /* Main.storyboard */ = {
			isa = PBXVariantGroup;
			children = (
				2CDF21E424DC579900E12C23 /* Base */,
			);
			name = Main.storyboard;
			sourceTree = "<group>";
		};
		2CDF21FB24DC579A00E12C23 /* SafariExtensionViewController.xib */ = {
			isa = PBXVariantGroup;
			children = (
				2CDF21FC24DC579A00E12C23 /* Base */,
			);
			name = SafariExtensionViewController.xib;
			sourceTree = "<group>";
		};
/* End PBXVariantGroup section */

/* Begin XCBuildConfiguration section */
		2CDF220424DC579A00E12C23 /* Debug */ = {
			isa = XCBuildConfiguration;
			buildSettings = {
				ALWAYS_SEARCH_USER_PATHS = NO;
				CLANG_ANALYZER_NONNULL = YES;
				CLANG_ANALYZER_NUMBER_OBJECT_CONVERSION = YES_AGGRESSIVE;
				CLANG_CXX_LANGUAGE_STANDARD = "gnu++14";
				CLANG_CXX_LIBRARY = "libc++";
				CLANG_ENABLE_MODULES = YES;
				CLANG_ENABLE_OBJC_ARC = YES;
				CLANG_ENABLE_OBJC_WEAK = YES;
				CLANG_WARN_BLOCK_CAPTURE_AUTORELEASING = YES;
				CLANG_WARN_BOOL_CONVERSION = YES;
				CLANG_WARN_COMMA = YES;
				CLANG_WARN_CONSTANT_CONVERSION = YES;
				CLANG_WARN_DEPRECATED_OBJC_IMPLEMENTATIONS = YES;
				CLANG_WARN_DIRECT_OBJC_ISA_USAGE = YES_ERROR;
				CLANG_WARN_DOCUMENTATION_COMMENTS = YES;
				CLANG_WARN_EMPTY_BODY = YES;
				CLANG_WARN_ENUM_CONVERSION = YES;
				CLANG_WARN_INFINITE_RECURSION = YES;
				CLANG_WARN_INT_CONVERSION = YES;
				CLANG_WARN_NON_LITERAL_NULL_CONVERSION = YES;
				CLANG_WARN_OBJC_IMPLICIT_RETAIN_SELF = YES;
				CLANG_WARN_OBJC_LITERAL_CONVERSION = YES;
				CLANG_WARN_OBJC_ROOT_CLASS = YES_ERROR;
				CLANG_WARN_RANGE_LOOP_ANALYSIS = YES;
				CLANG_WARN_STRICT_PROTOTYPES = YES;
				CLANG_WARN_SUSPICIOUS_MOVE = YES;
				CLANG_WARN_UNGUARDED_AVAILABILITY = YES_AGGRESSIVE;
				CLANG_WARN_UNREACHABLE_CODE = YES;
				CLANG_WARN__DUPLICATE_METHOD_MATCH = YES;
				COPY_PHASE_STRIP = NO;
				DEBUG_INFORMATION_FORMAT = dwarf;
				ENABLE_STRICT_OBJC_MSGSEND = YES;
				ENABLE_TESTABILITY = YES;
				GCC_C_LANGUAGE_STANDARD = gnu11;
				GCC_DYNAMIC_NO_PIC = NO;
				GCC_NO_COMMON_BLOCKS = YES;
				GCC_OPTIMIZATION_LEVEL = 0;
				GCC_PREPROCESSOR_DEFINITIONS = (
					"DEBUG=1",
					"$(inherited)",
				);
				GCC_WARN_64_TO_32_BIT_CONVERSION = YES;
				GCC_WARN_ABOUT_RETURN_TYPE = YES_ERROR;
				GCC_WARN_UNDECLARED_SELECTOR = YES;
				GCC_WARN_UNINITIALIZED_AUTOS = YES_AGGRESSIVE;
				GCC_WARN_UNUSED_FUNCTION = YES;
				GCC_WARN_UNUSED_VARIABLE = YES;
				MACOSX_DEPLOYMENT_TARGET = 10.15;
				MTL_ENABLE_DEBUG_INFO = INCLUDE_SOURCE;
				MTL_FAST_MATH = YES;
				ONLY_ACTIVE_ARCH = YES;
				PRODUCT_NAME = "Search Key";
				SDKROOT = macosx;
				SWIFT_ACTIVE_COMPILATION_CONDITIONS = DEBUG;
				SWIFT_OPTIMIZATION_LEVEL = "-Onone";
			};
			name = Debug;
		};
		2CDF220524DC579A00E12C23 /* Release */ = {
			isa = XCBuildConfiguration;
			buildSettings = {
				ALWAYS_SEARCH_USER_PATHS = NO;
				CLANG_ANALYZER_NONNULL = YES;
				CLANG_ANALYZER_NUMBER_OBJECT_CONVERSION = YES_AGGRESSIVE;
				CLANG_CXX_LANGUAGE_STANDARD = "gnu++14";
				CLANG_CXX_LIBRARY = "libc++";
				CLANG_ENABLE_MODULES = YES;
				CLANG_ENABLE_OBJC_ARC = YES;
				CLANG_ENABLE_OBJC_WEAK = YES;
				CLANG_WARN_BLOCK_CAPTURE_AUTORELEASING = YES;
				CLANG_WARN_BOOL_CONVERSION = YES;
				CLANG_WARN_COMMA = YES;
				CLANG_WARN_CONSTANT_CONVERSION = YES;
				CLANG_WARN_DEPRECATED_OBJC_IMPLEMENTATIONS = YES;
				CLANG_WARN_DIRECT_OBJC_ISA_USAGE = YES_ERROR;
				CLANG_WARN_DOCUMENTATION_COMMENTS = YES;
				CLANG_WARN_EMPTY_BODY = YES;
				CLANG_WARN_ENUM_CONVERSION = YES;
				CLANG_WARN_INFINITE_RECURSION = YES;
				CLANG_WARN_INT_CONVERSION = YES;
				CLANG_WARN_NON_LITERAL_NULL_CONVERSION = YES;
				CLANG_WARN_OBJC_IMPLICIT_RETAIN_SELF = YES;
				CLANG_WARN_OBJC_LITERAL_CONVERSION = YES;
				CLANG_WARN_OBJC_ROOT_CLASS = YES_ERROR;
				CLANG_WARN_RANGE_LOOP_ANALYSIS = YES;
				CLANG_WARN_STRICT_PROTOTYPES = YES;
				CLANG_WARN_SUSPICIOUS_MOVE = YES;
				CLANG_WARN_UNGUARDED_AVAILABILITY = YES_AGGRESSIVE;
				CLANG_WARN_UNREACHABLE_CODE = YES;
				CLANG_WARN__DUPLICATE_METHOD_MATCH = YES;
				COPY_PHASE_STRIP = NO;
				DEBUG_INFORMATION_FORMAT = "dwarf-with-dsym";
				ENABLE_NS_ASSERTIONS = NO;
				ENABLE_STRICT_OBJC_MSGSEND = YES;
				GCC_C_LANGUAGE_STANDARD = gnu11;
				GCC_NO_COMMON_BLOCKS = YES;
				GCC_WARN_64_TO_32_BIT_CONVERSION = YES;
				GCC_WARN_ABOUT_RETURN_TYPE = YES_ERROR;
				GCC_WARN_UNDECLARED_SELECTOR = YES;
				GCC_WARN_UNINITIALIZED_AUTOS = YES_AGGRESSIVE;
				GCC_WARN_UNUSED_FUNCTION = YES;
				GCC_WARN_UNUSED_VARIABLE = YES;
				MACOSX_DEPLOYMENT_TARGET = 10.15;
				MTL_ENABLE_DEBUG_INFO = NO;
				MTL_FAST_MATH = YES;
				PRODUCT_NAME = "Search Key";
				SDKROOT = macosx;
				SWIFT_COMPILATION_MODE = wholemodule;
				SWIFT_OPTIMIZATION_LEVEL = "-O";
			};
			name = Release;
		};
		2CDF220724DC579A00E12C23 /* Debug */ = {
			isa = XCBuildConfiguration;
			buildSettings = {
				ASSETCATALOG_COMPILER_APPICON_NAME = AppIcon;
				CODE_SIGN_ENTITLEMENTS = "keysearch-extension/keysearch-extension.entitlements";
				CODE_SIGN_STYLE = Automatic;
				CURRENT_PROJECT_VERSION = 6;
				DEVELOPMENT_TEAM = 42C5ZZJQK5;
				ENABLE_HARDENED_RUNTIME = YES;
				INFOPLIST_FILE = "keysearch-extension/Info.plist";
				LD_RUNPATH_SEARCH_PATHS = (
					"$(inherited)",
					"@executable_path/../Frameworks",
					"@executable_path/../../../../Frameworks",
				);
				MARKETING_VERSION = 1.2;
				PRODUCT_BUNDLE_IDENTIFIER = com.eddiecameron.keysearch.extension;
				PRODUCT_NAME = "$(TARGET_NAME)";
				SKIP_INSTALL = YES;
				SWIFT_VERSION = 5.0;
			};
			name = Debug;
		};
		2CDF220824DC579A00E12C23 /* Release */ = {
			isa = XCBuildConfiguration;
			buildSettings = {
				ASSETCATALOG_COMPILER_APPICON_NAME = AppIcon;
				CODE_SIGN_ENTITLEMENTS = "keysearch-extension/keysearch-extension.entitlements";
				CODE_SIGN_STYLE = Automatic;
				CURRENT_PROJECT_VERSION = 6;
				DEVELOPMENT_TEAM = 42C5ZZJQK5;
				ENABLE_HARDENED_RUNTIME = YES;
				INFOPLIST_FILE = "keysearch-extension/Info.plist";
				LD_RUNPATH_SEARCH_PATHS = (
					"$(inherited)",
					"@executable_path/../Frameworks",
					"@executable_path/../../../../Frameworks",
				);
				MARKETING_VERSION = 1.2;
				PRODUCT_BUNDLE_IDENTIFIER = com.eddiecameron.keysearch.extension;
				PRODUCT_NAME = "$(TARGET_NAME)";
				SKIP_INSTALL = YES;
				SWIFT_VERSION = 5.0;
			};
			name = Release;
		};
		2CDF220B24DC579A00E12C23 /* Debug */ = {
			isa = XCBuildConfiguration;
			buildSettings = {
				ALWAYS_EMBED_SWIFT_STANDARD_LIBRARIES = YES;
				ASSETCATALOG_COMPILER_APPICON_NAME = AppIcon;
				CODE_SIGN_ENTITLEMENTS = keysearch/keysearch.entitlements;
				CODE_SIGN_STYLE = Automatic;
				COMBINE_HIDPI_IMAGES = YES;
				CURRENT_PROJECT_VERSION = 6;
				DEVELOPMENT_TEAM = 42C5ZZJQK5;
				ENABLE_HARDENED_RUNTIME = YES;
				INFOPLIST_FILE = keysearch/Info.plist;
				LD_RUNPATH_SEARCH_PATHS = (
					"$(inherited)",
					"@executable_path/../Frameworks",
				);
				MARKETING_VERSION = 1.2;
				PRODUCT_BUNDLE_IDENTIFIER = com.eddiecameron.keysearch;
				PRODUCT_NAME = "$(TARGET_NAME)";
				SWIFT_VERSION = 5.0;
			};
			name = Debug;
		};
		2CDF220C24DC579A00E12C23 /* Release */ = {
			isa = XCBuildConfiguration;
			buildSettings = {
				ALWAYS_EMBED_SWIFT_STANDARD_LIBRARIES = YES;
				ASSETCATALOG_COMPILER_APPICON_NAME = AppIcon;
				CODE_SIGN_ENTITLEMENTS = keysearch/keysearch.entitlements;
				CODE_SIGN_STYLE = Automatic;
				COMBINE_HIDPI_IMAGES = YES;
				CURRENT_PROJECT_VERSION = 6;
				DEVELOPMENT_TEAM = 42C5ZZJQK5;
				ENABLE_HARDENED_RUNTIME = YES;
				INFOPLIST_FILE = keysearch/Info.plist;
				LD_RUNPATH_SEARCH_PATHS = (
					"$(inherited)",
					"@executable_path/../Frameworks",
				);
				MARKETING_VERSION = 1.2;
				PRODUCT_BUNDLE_IDENTIFIER = com.eddiecameron.keysearch;
				PRODUCT_NAME = "$(TARGET_NAME)";
				SWIFT_VERSION = 5.0;
			};
			name = Release;
		};
/* End XCBuildConfiguration section */

/* Begin XCConfigurationList section */
		2CDF21D724DC579900E12C23 /* Build configuration list for PBXProject "keysearch" */ = {
			isa = XCConfigurationList;
			buildConfigurations = (
				2CDF220424DC579A00E12C23 /* Debug */,
				2CDF220524DC579A00E12C23 /* Release */,
			);
			defaultConfigurationIsVisible = 0;
			defaultConfigurationName = Release;
		};
		2CDF220624DC579A00E12C23 /* Build configuration list for PBXNativeTarget "Search Key Extension" */ = {
			isa = XCConfigurationList;
			buildConfigurations = (
				2CDF220724DC579A00E12C23 /* Debug */,
				2CDF220824DC579A00E12C23 /* Release */,
			);
			defaultConfigurationIsVisible = 0;
			defaultConfigurationName = Release;
		};
		2CDF220A24DC579A00E12C23 /* Build configuration list for PBXNativeTarget "Search Key" */ = {
			isa = XCConfigurationList;
			buildConfigurations = (
				2CDF220B24DC579A00E12C23 /* Debug */,
				2CDF220C24DC579A00E12C23 /* Release */,
			);
			defaultConfigurationIsVisible = 0;
			defaultConfigurationName = Release;
		};
/* End XCConfigurationList section */
	};
	rootObject = 2CDF21D424DC579900E12C23 /* Project object */;
}
